
Microsoft Visual Studio Solution File, Format Version 12.00
# Visual Studio Version 17
VisualStudioVersion = 17.4.33213.308
MinimumVisualStudioVersion = 10.0.40219.1
Project("{FAE04EC0-301F-11D3-BF4B-00C04F79EFBC}") = "PasswordGenerator", "PasswordGenerator\PasswordGenerator.csproj", "{62F0A0F4-ADE9-42A2-82EA-014B04C2D2DB}"
EndProject
Global
	GlobalSection(SolutionConfigurationPlatforms) = preSolution
		Debug|Any CPU = Debug|Any CPU
		Release|Any CPU = Release|Any CPU
	EndGlobalSection
	GlobalSection(ProjectConfigurationPlatforms) = postSolution
		{62F0A0F4-ADE9-42A2-82EA-014B04C2D2DB}.Debug|Any CPU.ActiveCfg = Debug|Any CPU
		{62F0A0F4-ADE9-42A2-82EA-014B04C2D2DB}.Debug|Any CPU.Build.0 = Debug|Any CPU
		{62F0A0F4-ADE9-42A2-82EA-014B04C2D2DB}.Release|Any CPU.ActiveCfg = Release|Any CPU
		{62F0A0F4-ADE9-42A2-82EA-014B04C2D2DB}.Release|Any CPU.Build.0 = Release|Any CPU
	EndGlobalSection
	GlobalSection(SolutionProperties) = preSolution
		HideSolutionNode = FALSE
	EndGlobalSection
	GlobalSection(ExtensibilityGlobals) = postSolution
		SolutionGuid = {CC78D6E4-1FA3-433B-8154-9FA40771E364}
	EndGlobalSection
EndGlobal
